
Microsoft Visual Studio Solution File, Format Version 12.00
# Visual Studio 14
VisualStudioVersion = 14.0.24720.0
MinimumVisualStudioVersion = 10.0.40219.1
Project("{FAE04EC0-301F-11D3-BF4B-00C04F79EFBC}") = "UnixtimeHelpers", "UnixtimeHelpers\UnixtimeHelpers.csproj", "{77BF5960-BD17-46CE-B34E-833C44C33339}"
EndProject
Project("{FAE04EC0-301F-11D3-BF4B-00C04F79EFBC}") = "UnixtimeHelpers.UnitTests", "UnixtimeHelpers.UnitTests\UnixtimeHelpers.UnitTests.csproj", "{EEA973D0-4B77-467B-B7E9-18F2EC9ACB01}"
EndProject
Project("{FAE04EC0-301F-11D3-BF4B-00C04F79EFBC}") = "UnixTimeHelpersNET4_5_1", "UnixTimeHelpersNET4_5_1\UnixTimeHelpersNET4_5_1.csproj", "{ADC136E5-7E41-4FBD-AB7B-1978766595C1}"
EndProject
Project("{FAE04EC0-301F-11D3-BF4B-00C04F79EFBC}") = "UnixtimeHelpersNET4_0", "UnixtimeHelpersNET4_0\UnixtimeHelpersNET4_0.csproj", "{1BA3E91E-3162-441D-806B-D6A8C5699FBF}"
EndProject
Project("{FAE04EC0-301F-11D3-BF4B-00C04F79EFBC}") = "UnixtimeHelpersNET_4_0_Client", "UnixtimeHelpersNET_4_0_Client\UnixtimeHelpersNET_4_0_Client.csproj", "{14F78BBA-6F3E-4C01-AE91-8010DD28923C}"
EndProject
Project("{FAE04EC0-301F-11D3-BF4B-00C04F79EFBC}") = "UnixtimeHelpersNET_4_5_2", "UnitTimeHelpersNET_4_5_2\UnixtimeHelpersNET_4_5_2.csproj", "{CD767DE1-7987-4138-9BA6-03B306FFA175}"
EndProject
Project("{FAE04EC0-301F-11D3-BF4B-00C04F79EFBC}") = "UnixtimeHelpersNET_4_6", "UnixtimeHelpersNET_4_6\UnixtimeHelpersNET_4_6.csproj", "{021A2CA6-A854-41E2-B2B2-204714DED911}"
EndProject
Project("{FAE04EC0-301F-11D3-BF4B-00C04F79EFBC}") = "UnixtimeHelpersNET_4_6_1", "UnixtimeHelpersNET_4_6_1\UnixtimeHelpersNET_4_6_1.csproj", "{EF3119A4-8D24-4FDC-9A48-9A717394F41F}"
EndProject
Project("{FAE04EC0-301F-11D3-BF4B-00C04F79EFBC}") = "UnixtimeHelpers_UWP", "UnixtimeHelpers_UWP\UnixtimeHelpers_UWP.csproj", "{A002D01E-59BE-494D-B23E-FCCF515130E9}"
EndProject
Global
	GlobalSection(SolutionConfigurationPlatforms) = preSolution
		Debug|Any CPU = Debug|Any CPU
		Debug|ARM = Debug|ARM
		Debug|x64 = Debug|x64
		Debug|x86 = Debug|x86
		Release|Any CPU = Release|Any CPU
		Release|ARM = Release|ARM
		Release|x64 = Release|x64
		Release|x86 = Release|x86
	EndGlobalSection
	GlobalSection(ProjectConfigurationPlatforms) = postSolution
		{77BF5960-BD17-46CE-B34E-833C44C33339}.Debug|Any CPU.ActiveCfg = Debug|Any CPU
		{77BF5960-BD17-46CE-B34E-833C44C33339}.Debug|Any CPU.Build.0 = Debug|Any CPU
		{77BF5960-BD17-46CE-B34E-833C44C33339}.Debug|ARM.ActiveCfg = Debug|Any CPU
		{77BF5960-BD17-46CE-B34E-833C44C33339}.Debug|ARM.Build.0 = Debug|Any CPU
		{77BF5960-BD17-46CE-B34E-833C44C33339}.Debug|x64.ActiveCfg = Debug|Any CPU
		{77BF5960-BD17-46CE-B34E-833C44C33339}.Debug|x64.Build.0 = Debug|Any CPU
		{77BF5960-BD17-46CE-B34E-833C44C33339}.Debug|x86.ActiveCfg = Debug|Any CPU
		{77BF5960-BD17-46CE-B34E-833C44C33339}.Debug|x86.Build.0 = Debug|Any CPU
		{77BF5960-BD17-46CE-B34E-833C44C33339}.Release|Any CPU.ActiveCfg = Release|Any CPU
		{77BF5960-BD17-46CE-B34E-833C44C33339}.Release|Any CPU.Build.0 = Release|Any CPU
		{77BF5960-BD17-46CE-B34E-833C44C33339}.Release|ARM.ActiveCfg = Release|Any CPU
		{77BF5960-BD17-46CE-B34E-833C44C33339}.Release|ARM.Build.0 = Release|Any CPU
		{77BF5960-BD17-46CE-B34E-833C44C33339}.Release|x64.ActiveCfg = Release|Any CPU
		{77BF5960-BD17-46CE-B34E-833C44C33339}.Release|x64.Build.0 = Release|Any CPU
		{77BF5960-BD17-46CE-B34E-833C44C33339}.Release|x86.ActiveCfg = Release|Any CPU
		{77BF5960-BD17-46CE-B34E-833C44C33339}.Release|x86.Build.0 = Release|Any CPU
		{EEA973D0-4B77-467B-B7E9-18F2EC9ACB01}.Debug|Any CPU.ActiveCfg = Debug|Any CPU
		{EEA973D0-4B77-467B-B7E9-18F2EC9ACB01}.Debug|Any CPU.Build.0 = Debug|Any CPU
		{EEA973D0-4B77-467B-B7E9-18F2EC9ACB01}.Debug|ARM.ActiveCfg = Debug|Any CPU
		{EEA973D0-4B77-467B-B7E9-18F2EC9ACB01}.Debug|ARM.Build.0 = Debug|Any CPU
		{EEA973D0-4B77-467B-B7E9-18F2EC9ACB01}.Debug|x64.ActiveCfg = Debug|Any CPU
		{EEA973D0-4B77-467B-B7E9-18F2EC9ACB01}.Debug|x64.Build.0 = Debug|Any CPU
		{EEA973D0-4B77-467B-B7E9-18F2EC9ACB01}.Debug|x86.ActiveCfg = Debug|Any CPU
		{EEA973D0-4B77-467B-B7E9-18F2EC9ACB01}.Debug|x86.Build.0 = Debug|Any CPU
		{EEA973D0-4B77-467B-B7E9-18F2EC9ACB01}.Release|Any CPU.ActiveCfg = Release|Any CPU
		{EEA973D0-4B77-467B-B7E9-18F2EC9ACB01}.Release|Any CPU.Build.0 = Release|Any CPU
		{EEA973D0-4B77-467B-B7E9-18F2EC9ACB01}.Release|ARM.ActiveCfg = Release|Any CPU
		{EEA973D0-4B77-467B-B7E9-18F2EC9ACB01}.Release|ARM.Build.0 = Release|Any CPU
		{EEA973D0-4B77-467B-B7E9-18F2EC9ACB01}.Release|x64.ActiveCfg = Release|Any CPU
		{EEA973D0-4B77-467B-B7E9-18F2EC9ACB01}.Release|x64.Build.0 = Release|Any CPU
		{EEA973D0-4B77-467B-B7E9-18F2EC9ACB01}.Release|x86.ActiveCfg = Release|Any CPU
		{EEA973D0-4B77-467B-B7E9-18F2EC9ACB01}.Release|x86.Build.0 = Release|Any CPU
		{ADC136E5-7E41-4FBD-AB7B-1978766595C1}.Debug|Any CPU.ActiveCfg = Debug|Any CPU
		{ADC136E5-7E41-4FBD-AB7B-1978766595C1}.Debug|Any CPU.Build.0 = Debug|Any CPU
		{ADC136E5-7E41-4FBD-AB7B-1978766595C1}.Debug|ARM.ActiveCfg = Debug|Any CPU
		{ADC136E5-7E41-4FBD-AB7B-1978766595C1}.Debug|ARM.Build.0 = Debug|Any CPU
		{ADC136E5-7E41-4FBD-AB7B-1978766595C1}.Debug|x64.ActiveCfg = Debug|Any CPU
		{ADC136E5-7E41-4FBD-AB7B-1978766595C1}.Debug|x64.Build.0 = Debug|Any CPU
		{ADC136E5-7E41-4FBD-AB7B-1978766595C1}.Debug|x86.ActiveCfg = Debug|Any CPU
		{ADC136E5-7E41-4FBD-AB7B-1978766595C1}.Debug|x86.Build.0 = Debug|Any CPU
		{ADC136E5-7E41-4FBD-AB7B-1978766595C1}.Release|Any CPU.ActiveCfg = Release|Any CPU
		{ADC136E5-7E41-4FBD-AB7B-1978766595C1}.Release|Any CPU.Build.0 = Release|Any CPU
		{ADC136E5-7E41-4FBD-AB7B-1978766595C1}.Release|ARM.ActiveCfg = Release|Any CPU
		{ADC136E5-7E41-4FBD-AB7B-1978766595C1}.Release|ARM.Build.0 = Release|Any CPU
		{ADC136E5-7E41-4FBD-AB7B-1978766595C1}.Release|x64.ActiveCfg = Release|Any CPU
		{ADC136E5-7E41-4FBD-AB7B-1978766595C1}.Release|x64.Build.0 = Release|Any CPU
		{ADC136E5-7E41-4FBD-AB7B-1978766595C1}.Release|x86.ActiveCfg = Release|Any CPU
		{ADC136E5-7E41-4FBD-AB7B-1978766595C1}.Release|x86.Build.0 = Release|Any CPU
		{1BA3E91E-3162-441D-806B-D6A8C5699FBF}.Debug|Any CPU.ActiveCfg = Debug|Any CPU
		{1BA3E91E-3162-441D-806B-D6A8C5699FBF}.Debug|Any CPU.Build.0 = Debug|Any CPU
		{1BA3E91E-3162-441D-806B-D6A8C5699FBF}.Debug|ARM.ActiveCfg = Debug|Any CPU
		{1BA3E91E-3162-441D-806B-D6A8C5699FBF}.Debug|ARM.Build.0 = Debug|Any CPU
		{1BA3E91E-3162-441D-806B-D6A8C5699FBF}.Debug|x64.ActiveCfg = Debug|Any CPU
		{1BA3E91E-3162-441D-806B-D6A8C5699FBF}.Debug|x64.Build.0 = Debug|Any CPU
		{1BA3E91E-3162-441D-806B-D6A8C5699FBF}.Debug|x86.ActiveCfg = Debug|Any CPU
		{1BA3E91E-3162-441D-806B-D6A8C5699FBF}.Debug|x86.Build.0 = Debug|Any CPU
		{1BA3E91E-3162-441D-806B-D6A8C5699FBF}.Release|Any CPU.ActiveCfg = Release|Any CPU
		{1BA3E91E-3162-441D-806B-D6A8C5699FBF}.Release|Any CPU.Build.0 = Release|Any CPU
		{1BA3E91E-3162-441D-806B-D6A8C5699FBF}.Release|ARM.ActiveCfg = Release|Any CPU
		{1BA3E91E-3162-441D-806B-D6A8C5699FBF}.Release|ARM.Build.0 = Release|Any CPU
		{1BA3E91E-3162-441D-806B-D6A8C5699FBF}.Release|x64.ActiveCfg = Release|Any CPU
		{1BA3E91E-3162-441D-806B-D6A8C5699FBF}.Release|x64.Build.0 = Release|Any CPU
		{1BA3E91E-3162-441D-806B-D6A8C5699FBF}.Release|x86.ActiveCfg = Release|Any CPU
		{1BA3E91E-3162-441D-806B-D6A8C5699FBF}.Release|x86.Build.0 = Release|Any CPU
		{14F78BBA-6F3E-4C01-AE91-8010DD28923C}.Debug|Any CPU.ActiveCfg = Debug|Any CPU
		{14F78BBA-6F3E-4C01-AE91-8010DD28923C}.Debug|Any CPU.Build.0 = Debug|Any CPU
		{14F78BBA-6F3E-4C01-AE91-8010DD28923C}.Debug|ARM.ActiveCfg = Debug|Any CPU
		{14F78BBA-6F3E-4C01-AE91-8010DD28923C}.Debug|ARM.Build.0 = Debug|Any CPU
		{14F78BBA-6F3E-4C01-AE91-8010DD28923C}.Debug|x64.ActiveCfg = Debug|Any CPU
		{14F78BBA-6F3E-4C01-AE91-8010DD28923C}.Debug|x64.Build.0 = Debug|Any CPU
		{14F78BBA-6F3E-4C01-AE91-8010DD28923C}.Debug|x86.ActiveCfg = Debug|Any CPU
		{14F78BBA-6F3E-4C01-AE91-8010DD28923C}.Debug|x86.Build.0 = Debug|Any CPU
		{14F78BBA-6F3E-4C01-AE91-8010DD28923C}.Release|Any CPU.ActiveCfg = Release|Any CPU
		{14F78BBA-6F3E-4C01-AE91-8010DD28923C}.Release|Any CPU.Build.0 = Release|Any CPU
		{14F78BBA-6F3E-4C01-AE91-8010DD28923C}.Release|ARM.ActiveCfg = Release|Any CPU
		{14F78BBA-6F3E-4C01-AE91-8010DD28923C}.Release|ARM.Build.0 = Release|Any CPU
		{14F78BBA-6F3E-4C01-AE91-8010DD28923C}.Release|x64.ActiveCfg = Release|Any CPU
		{14F78BBA-6F3E-4C01-AE91-8010DD28923C}.Release|x64.Build.0 = Release|Any CPU
		{14F78BBA-6F3E-4C01-AE91-8010DD28923C}.Release|x86.ActiveCfg = Release|Any CPU
		{14F78BBA-6F3E-4C01-AE91-8010DD28923C}.Release|x86.Build.0 = Release|Any CPU
		{CD767DE1-7987-4138-9BA6-03B306FFA175}.Debug|Any CPU.ActiveCfg = Debug|Any CPU
		{CD767DE1-7987-4138-9BA6-03B306FFA175}.Debug|Any CPU.Build.0 = Debug|Any CPU
		{CD767DE1-7987-4138-9BA6-03B306FFA175}.Debug|ARM.ActiveCfg = Debug|Any CPU
		{CD767DE1-7987-4138-9BA6-03B306FFA175}.Debug|ARM.Build.0 = Debug|Any CPU
		{CD767DE1-7987-4138-9BA6-03B306FFA175}.Debug|x64.ActiveCfg = Debug|Any CPU
		{CD767DE1-7987-4138-9BA6-03B306FFA175}.Debug|x64.Build.0 = Debug|Any CPU
		{CD767DE1-7987-4138-9BA6-03B306FFA175}.Debug|x86.ActiveCfg = Debug|Any CPU
		{CD767DE1-7987-4138-9BA6-03B306FFA175}.Debug|x86.Build.0 = Debug|Any CPU
		{CD767DE1-7987-4138-9BA6-03B306FFA175}.Release|Any CPU.ActiveCfg = Release|Any CPU
		{CD767DE1-7987-4138-9BA6-03B306FFA175}.Release|Any CPU.Build.0 = Release|Any CPU
		{CD767DE1-7987-4138-9BA6-03B306FFA175}.Release|ARM.ActiveCfg = Release|Any CPU
		{CD767DE1-7987-4138-9BA6-03B306FFA175}.Release|ARM.Build.0 = Release|Any CPU
		{CD767DE1-7987-4138-9BA6-03B306FFA175}.Release|x64.ActiveCfg = Release|Any CPU
		{CD767DE1-7987-4138-9BA6-03B306FFA175}.Release|x64.Build.0 = Release|Any CPU
		{CD767DE1-7987-4138-9BA6-03B306FFA175}.Release|x86.ActiveCfg = Release|Any CPU
		{CD767DE1-7987-4138-9BA6-03B306FFA175}.Release|x86.Build.0 = Release|Any CPU
		{021A2CA6-A854-41E2-B2B2-204714DED911}.Debug|Any CPU.ActiveCfg = Debug|Any CPU
		{021A2CA6-A854-41E2-B2B2-204714DED911}.Debug|Any CPU.Build.0 = Debug|Any CPU
		{021A2CA6-A854-41E2-B2B2-204714DED911}.Debug|ARM.ActiveCfg = Debug|Any CPU
		{021A2CA6-A854-41E2-B2B2-204714DED911}.Debug|ARM.Build.0 = Debug|Any CPU
		{021A2CA6-A854-41E2-B2B2-204714DED911}.Debug|x64.ActiveCfg = Debug|Any CPU
		{021A2CA6-A854-41E2-B2B2-204714DED911}.Debug|x64.Build.0 = Debug|Any CPU
		{021A2CA6-A854-41E2-B2B2-204714DED911}.Debug|x86.ActiveCfg = Debug|Any CPU
		{021A2CA6-A854-41E2-B2B2-204714DED911}.Debug|x86.Build.0 = Debug|Any CPU
		{021A2CA6-A854-41E2-B2B2-204714DED911}.Release|Any CPU.ActiveCfg = Release|Any CPU
		{021A2CA6-A854-41E2-B2B2-204714DED911}.Release|Any CPU.Build.0 = Release|Any CPU
		{021A2CA6-A854-41E2-B2B2-204714DED911}.Release|ARM.ActiveCfg = Release|Any CPU
		{021A2CA6-A854-41E2-B2B2-204714DED911}.Release|ARM.Build.0 = Release|Any CPU
		{021A2CA6-A854-41E2-B2B2-204714DED911}.Release|x64.ActiveCfg = Release|Any CPU
		{021A2CA6-A854-41E2-B2B2-204714DED911}.Release|x64.Build.0 = Release|Any CPU
		{021A2CA6-A854-41E2-B2B2-204714DED911}.Release|x86.ActiveCfg = Release|Any CPU
		{021A2CA6-A854-41E2-B2B2-204714DED911}.Release|x86.Build.0 = Release|Any CPU
		{EF3119A4-8D24-4FDC-9A48-9A717394F41F}.Debug|Any CPU.ActiveCfg = Debug|Any CPU
		{EF3119A4-8D24-4FDC-9A48-9A717394F41F}.Debug|Any CPU.Build.0 = Debug|Any CPU
		{EF3119A4-8D24-4FDC-9A48-9A717394F41F}.Debug|ARM.ActiveCfg = Debug|Any CPU
		{EF3119A4-8D24-4FDC-9A48-9A717394F41F}.Debug|ARM.Build.0 = Debug|Any CPU
		{EF3119A4-8D24-4FDC-9A48-9A717394F41F}.Debug|x64.ActiveCfg = Debug|Any CPU
		{EF3119A4-8D24-4FDC-9A48-9A717394F41F}.Debug|x64.Build.0 = Debug|Any CPU
		{EF3119A4-8D24-4FDC-9A48-9A717394F41F}.Debug|x86.ActiveCfg = Debug|Any CPU
		{EF3119A4-8D24-4FDC-9A48-9A717394F41F}.Debug|x86.Build.0 = Debug|Any CPU
		{EF3119A4-8D24-4FDC-9A48-9A717394F41F}.Release|Any CPU.ActiveCfg = Release|Any CPU
		{EF3119A4-8D24-4FDC-9A48-9A717394F41F}.Release|Any CPU.Build.0 = Release|Any CPU
		{EF3119A4-8D24-4FDC-9A48-9A717394F41F}.Release|ARM.ActiveCfg = Release|Any CPU
		{EF3119A4-8D24-4FDC-9A48-9A717394F41F}.Release|ARM.Build.0 = Release|Any CPU
		{EF3119A4-8D24-4FDC-9A48-9A717394F41F}.Release|x64.ActiveCfg = Release|Any CPU
		{EF3119A4-8D24-4FDC-9A48-9A717394F41F}.Release|x64.Build.0 = Release|Any CPU
		{EF3119A4-8D24-4FDC-9A48-9A717394F41F}.Release|x86.ActiveCfg = Release|Any CPU
		{EF3119A4-8D24-4FDC-9A48-9A717394F41F}.Release|x86.Build.0 = Release|Any CPU
		{A002D01E-59BE-494D-B23E-FCCF515130E9}.Debug|Any CPU.ActiveCfg = Debug|Any CPU
		{A002D01E-59BE-494D-B23E-FCCF515130E9}.Debug|Any CPU.Build.0 = Debug|Any CPU
		{A002D01E-59BE-494D-B23E-FCCF515130E9}.Debug|ARM.ActiveCfg = Debug|ARM
		{A002D01E-59BE-494D-B23E-FCCF515130E9}.Debug|ARM.Build.0 = Debug|ARM
		{A002D01E-59BE-494D-B23E-FCCF515130E9}.Debug|x64.ActiveCfg = Debug|x64
		{A002D01E-59BE-494D-B23E-FCCF515130E9}.Debug|x64.Build.0 = Debug|x64
		{A002D01E-59BE-494D-B23E-FCCF515130E9}.Debug|x86.ActiveCfg = Debug|x86
		{A002D01E-59BE-494D-B23E-FCCF515130E9}.Debug|x86.Build.0 = Debug|x86
		{A002D01E-59BE-494D-B23E-FCCF515130E9}.Release|Any CPU.ActiveCfg = Release|Any CPU
		{A002D01E-59BE-494D-B23E-FCCF515130E9}.Release|Any CPU.Build.0 = Release|Any CPU
		{A002D01E-59BE-494D-B23E-FCCF515130E9}.Release|ARM.ActiveCfg = Release|ARM
		{A002D01E-59BE-494D-B23E-FCCF515130E9}.Release|ARM.Build.0 = Release|ARM
		{A002D01E-59BE-494D-B23E-FCCF515130E9}.Release|x64.ActiveCfg = Release|x64
		{A002D01E-59BE-494D-B23E-FCCF515130E9}.Release|x64.Build.0 = Release|x64
		{A002D01E-59BE-494D-B23E-FCCF515130E9}.Release|x86.ActiveCfg = Release|x86
		{A002D01E-59BE-494D-B23E-FCCF515130E9}.Release|x86.Build.0 = Release|x86
	EndGlobalSection
	GlobalSection(SolutionProperties) = preSolution
		HideSolutionNode = FALSE
	EndGlobalSection
EndGlobal
